{
  "pins" : [
    {
      "identity" : "swift-argument-parser",
      "kind" : "remoteSourceControl",
      "location" : "https://github.com/apple/swift-argument-parser",
      "state" : {
        "revision" : "626b5b7b2f45e1b0b1c6f4a309296d1d21d7311b",
        "version" : "1.7.1"
      }
    },
    {
      "identity" : "swiftterm",
      "kind" : "remoteSourceControl",
      "location" : "https://github.com/k3rnelpan11c/SwiftTerm",
      "state" : {
        "branch" : "flock-scroll-lock",
        "revision" : "f9a8f3565f762eda39ceb3b01884cbbcd41b01c1"
      }
    }
  ],
  "version" : 2
}
